{"version":4,"terraform_version":"1.11.8","serial":98,"lineage":"8f832b91-7020-0674-7fb0-d18e402ef2df","outputs":{"container_hostname":{"value":"caddy","type":"string"},"container_id":{"value":200,"type":"number"},"container_ip":{"value":"10.0.0.200","type":"string"}},"resources":[{"mode":"managed","type":"null_resource","name":"deploy_flake","provider":"provider[\"registry.opentofu.org/hashicorp/null\"]","instances":[{"schema_version":0,"attributes":{"id":"1722141334189835722","triggers":null},"sensitive_attributes":[],"dependencies":["proxmox_virtual_environment_container.caddy"]}]},{"mode":"managed","type":"proxmox_virtual_environment_container","name":"caddy","provider":"provider[\"registry.opentofu.org/bpg/proxmox\"]","instances":[{"schema_version":0,"attributes":{"clone":[{"datastore_id":"local-lvm","full":true,"node_name":"","vm_id":9999}],"console":[],"cpu":[{"architecture":"amd64","cores":1,"limit":0,"units":0}],"description":"Caddy reverse proxy (NixOS)\n","device_passthrough":[],"disk":[],"environment_variables":{},"features":[],"hook_script_file_id":null,"id":"200","idmap":[],"initialization":[{"dns":[],"entrypoint":"","hostname":"caddy","ip_config":[{"ipv4":[{"address":"10.0.0.200/24","gateway":"10.0.0.1"}],"ipv6":[]}],"user_account":[]}],"ipv4":{"eth0":"10.0.0.200"},"ipv6":{"eth0":"fe80::be24:11ff:fe65:32ce"},"memory":[{"dedicated":512,"swap":512}],"mount_point":[],"network_interface":[{"bridge":"aether","enabled":true,"firewall":true,"host_managed":false,"mac_address":"BC:24:11:65:32:CE","mtu":0,"name":"eth0","rate_limit":0,"vlan_id":0}],"node_name":"aetherium","operating_system":[],"pool_id":null,"protection":false,"start_on_boot":true,"started":true,"startup":[{"down_delay":-1,"order":1,"up_delay":-1}],"tags":["caddy","nixos"],"template":false,"timeout_clone":1800,"timeout_create":1800,"timeout_delete":60,"timeout_start":300,"timeout_update":1800,"unprivileged":true,"vm_id":200,"wait_for_ip":[]},"sensitive_attributes":[],"private":"bnVsbA=="}]}],"check_results":null}
