{
  "version": 4,
  "terraform_version": "1.12.3",
  "serial": 297,
  "lineage": "8f832b91-7020-0674-7fb0-d18e402ef2df",
  "outputs": {},
  "resources": [
    {
      "mode": "managed",
      "type": "null_resource",
      "name": "deploy_flake_caddy",
      "provider": "provider[\"registry.opentofu.org/hashicorp/null\"]",
      "instances": [
        {
          "schema_version": 0,
          "attributes": {
            "id": "4492231776421802030",
            "triggers": {
              "container_id": "100"
            }
          },
          "sensitive_attributes": [],
          "dependencies": [
            "proxmox_virtual_environment_container.caddy"
          ]
        }
      ]
    },
    {
      "mode": "managed",
      "type": "null_resource",
      "name": "deploy_flake_fansly_recorder",
      "provider": "provider[\"registry.opentofu.org/hashicorp/null\"]",
      "instances": [
        {
          "schema_version": 0,
          "attributes": {
            "id": "7531189849447807489",
            "triggers": {
              "container_id": "112"
            }
          },
          "sensitive_attributes": [],
          "dependencies": [
            "proxmox_virtual_environment_container.fansly_recorder"
          ]
        }
      ]
    },
    {
      "mode": "managed",
      "type": "null_resource",
      "name": "deploy_flake_forgejo",
      "provider": "provider[\"registry.opentofu.org/hashicorp/null\"]",
      "instances": [
        {
          "schema_version": 0,
          "attributes": {
            "id": "9017317399682634849",
            "triggers": {
              "container_id": "102"
            }
          },
          "sensitive_attributes": [],
          "dependencies": [
            "proxmox_virtual_environment_container.forgejo"
          ]
        }
      ]
    },
    {
      "mode": "managed",
      "type": "null_resource",
      "name": "deploy_flake_hytale",
      "provider": "provider[\"registry.opentofu.org/hashicorp/null\"]",
      "instances": [
        {
          "schema_version": 0,
          "attributes": {
            "id": "6548189489997774824",
            "triggers": {
              "container_id": "105"
            }
          },
          "sensitive_attributes": [],
          "dependencies": [
            "proxmox_virtual_environment_container.hytale"
          ]
        }
      ]
    },
    {
      "mode": "managed",
      "type": "null_resource",
      "name": "deploy_flake_jellyfin",
      "provider": "provider[\"registry.opentofu.org/hashicorp/null\"]",
      "instances": [
        {
          "schema_version": 0,
          "attributes": {
            "id": "2027223899419730538",
            "triggers": {
              "container_id": "107"
            }
          },
          "sensitive_attributes": [],
          "dependencies": [
            "proxmox_virtual_environment_container.jellyfin"
          ]
        }
      ]
    },
    {
      "mode": "managed",
      "type": "null_resource",
      "name": "deploy_flake_minecraft",
      "provider": "provider[\"registry.opentofu.org/hashicorp/null\"]",
      "instances": [
        {
          "schema_version": 0,
          "attributes": {
            "id": "6276910326341183619",
            "triggers": {
              "container_id": "106"
            }
          },
          "sensitive_attributes": [],
          "dependencies": [
            "proxmox_virtual_environment_container.minecraft"
          ]
        }
      ]
    },
    {
      "mode": "managed",
      "type": "null_resource",
      "name": "deploy_flake_prowlarr",
      "provider": "provider[\"registry.opentofu.org/hashicorp/null\"]",
      "instances": [
        {
          "schema_version": 0,
          "attributes": {
            "id": "3819024709022634614",
            "triggers": {
              "container_id": "108"
            }
          },
          "sensitive_attributes": [],
          "dependencies": [
            "proxmox_virtual_environment_container.prowlarr"
          ]
        }
      ]
    },
    {
      "mode": "managed",
      "type": "null_resource",
      "name": "deploy_flake_qbittorrent",
      "provider": "provider[\"registry.opentofu.org/hashicorp/null\"]",
      "instances": [
        {
          "schema_version": 0,
          "attributes": {
            "id": "7630228526365588743",
            "triggers": {
              "container_id": "111"
            }
          },
          "sensitive_attributes": [],
          "dependencies": [
            "proxmox_virtual_environment_container.qbittorrent"
          ]
        }
      ]
    },
    {
      "mode": "managed",
      "type": "null_resource",
      "name": "deploy_flake_radarr",
      "provider": "provider[\"registry.opentofu.org/hashicorp/null\"]",
      "instances": [
        {
          "schema_version": 0,
          "attributes": {
            "id": "5049499105661827360",
            "triggers": {
              "container_id": "110"
            }
          },
          "sensitive_attributes": [],
          "dependencies": [
            "proxmox_virtual_environment_container.radarr"
          ]
        }
      ]
    },
    {
      "mode": "managed",
      "type": "null_resource",
      "name": "deploy_flake_renovate",
      "provider": "provider[\"registry.opentofu.org/hashicorp/null\"]",
      "instances": [
        {
          "schema_version": 0,
          "attributes": {
            "id": "802637340993754963",
            "triggers": {
              "container_id": "104"
            }
          },
          "sensitive_attributes": [],
          "dependencies": [
            "proxmox_virtual_environment_container.renovate"
          ]
        }
      ]
    },
    {
      "mode": "managed",
      "type": "null_resource",
      "name": "deploy_flake_sonarr",
      "provider": "provider[\"registry.opentofu.org/hashicorp/null\"]",
      "instances": [
        {
          "schema_version": 0,
          "attributes": {
            "id": "530869256728301267",
            "triggers": {
              "container_id": "109"
            }
          },
          "sensitive_attributes": [],
          "dependencies": [
            "proxmox_virtual_environment_container.sonarr"
          ]
        }
      ]
    },
    {
      "mode": "managed",
      "type": "null_resource",
      "name": "deploy_flake_website",
      "provider": "provider[\"registry.opentofu.org/hashicorp/null\"]",
      "instances": [
        {
          "schema_version": 0,
          "attributes": {
            "id": "4030122512875768565",
            "triggers": {
              "container_id": "101"
            }
          },
          "sensitive_attributes": [],
          "dependencies": [
            "proxmox_virtual_environment_container.website"
          ]
        }
      ]
    },
    {
      "mode": "managed",
      "type": "null_resource",
      "name": "deploy_flake_woodpecker",
      "provider": "provider[\"registry.opentofu.org/hashicorp/null\"]",
      "instances": [
        {
          "schema_version": 0,
          "attributes": {
            "id": "3852071072174654968",
            "triggers": {
              "container_id": "103"
            }
          },
          "sensitive_attributes": [],
          "dependencies": [
            "proxmox_virtual_environment_container.woodpecker"
          ]
        }
      ]
    },
    {
      "mode": "managed",
      "type": "proxmox_virtual_environment_container",
      "name": "caddy",
      "provider": "provider[\"registry.opentofu.org/bpg/proxmox\"]",
      "instances": [
        {
          "schema_version": 0,
          "attributes": {
            "clone": [
              {
                "datastore_id": "local",
                "full": true,
                "node_name": "",
                "vm_id": 9999
              }
            ],
            "console": [],
            "cpu": [
              {
                "architecture": "amd64",
                "cores": 1,
                "limit": 0,
                "units": 0
              }
            ],
            "description": "Caddy reverse proxy (NixOS)\n",
            "device_passthrough": [],
            "disk": [
              {
                "acl": false,
                "datastore_id": "local",
                "mount_options": [],
                "path_in_datastore": "local:100/vm-100-disk-0.raw",
                "quota": false,
                "replicate": false,
                "size": 8
              }
            ],
            "environment_variables": {},
            "features": [],
            "hook_script_file_id": null,
            "id": "100",
            "idmap": [],
            "initialization": [
              {
                "dns": [],
                "entrypoint": "",
                "hostname": "caddy",
                "ip_config": [
                  {
                    "ipv4": [
                      {
                        "address": "10.0.0.100/24",
                        "gateway": "10.0.0.1"
                      }
                    ],
                    "ipv6": [
                      {
                        "address": "fdbe::100/64",
                        "gateway": "fdbe::1"
                      }
                    ]
                  }
                ],
                "user_account": []
              }
            ],
            "ipv4": {
              "eth0": "10.0.0.100"
            },
            "ipv6": {
              "eth0": "fdbe::100"
            },
            "memory": [
              {
                "dedicated": 512,
                "swap": 512
              }
            ],
            "mount_point": [],
            "network_interface": [
              {
                "bridge": "aether",
                "enabled": true,
                "firewall": true,
                "host_managed": false,
                "mac_address": "BC:24:11:5B:92:84",
                "mtu": 0,
                "name": "eth0",
                "rate_limit": 0,
                "vlan_id": 0
              }
            ],
            "node_name": "aetherium",
            "operating_system": [],
            "pool_id": null,
            "protection": false,
            "start_on_boot": true,
            "started": true,
            "startup": [
              {
                "down_delay": -1,
                "order": 1,
                "up_delay": -1
              }
            ],
            "tags": [
              "10.0.0.100",
              "caddy",
              "nixos"
            ],
            "template": false,
            "timeout_clone": 1800,
            "timeout_create": 1800,
            "timeout_delete": 60,
            "timeout_start": 300,
            "timeout_update": 1800,
            "unprivileged": true,
            "vm_id": 100,
            "wait_for_ip": []
          },
          "sensitive_attributes": [],
          "private": "bnVsbA=="
        }
      ]
    },
    {
      "mode": "managed",
      "type": "proxmox_virtual_environment_container",
      "name": "fansly_recorder",
      "provider": "provider[\"registry.opentofu.org/bpg/proxmox\"]",
      "instances": [
        {
          "schema_version": 0,
          "attributes": {
            "clone": [
              {
                "datastore_id": "local",
                "full": true,
                "node_name": "",
                "vm_id": 9999
              }
            ],
            "console": [],
            "cpu": [
              {
                "architecture": "amd64",
                "cores": 2,
                "limit": 0,
                "units": 0
              }
            ],
            "description": "Fansly stream recorder (NixOS)\n",
            "device_passthrough": [],
            "disk": [
              {
                "acl": false,
                "datastore_id": "local",
                "mount_options": [],
                "path_in_datastore": "local:112/vm-112-disk-0.raw",
                "quota": false,
                "replicate": false,
                "size": 8
              }
            ],
            "environment_variables": {},
            "features": [],
            "hook_script_file_id": null,
            "id": "112",
            "idmap": [],
            "initialization": [
              {
                "dns": [],
                "entrypoint": "",
                "hostname": "fansly-recorder",
                "ip_config": [
                  {
                    "ipv4": [
                      {
                        "address": "10.0.0.112/24",
                        "gateway": "10.0.0.1"
                      }
                    ],
                    "ipv6": [
                      {
                        "address": "fdbe::112/64",
                        "gateway": "fdbe::1"
                      }
                    ]
                  }
                ],
                "user_account": []
              }
            ],
            "ipv4": {
              "eth0": "10.0.0.112"
            },
            "ipv6": {
              "eth0": "fdbe::112"
            },
            "memory": [
              {
                "dedicated": 8192,
                "swap": 2048
              }
            ],
            "mount_point": [],
            "network_interface": [
              {
                "bridge": "aether",
                "enabled": true,
                "firewall": true,
                "host_managed": false,
                "mac_address": "BC:24:11:8C:9B:C7",
                "mtu": 0,
                "name": "eth0",
                "rate_limit": 0,
                "vlan_id": 0
              }
            ],
            "node_name": "aetherium",
            "operating_system": [],
            "pool_id": null,
            "protection": false,
            "start_on_boot": true,
            "started": true,
            "startup": [],
            "tags": [
              "10.0.0.112",
              "fansly-recorder",
              "nixos"
            ],
            "template": false,
            "timeout_clone": 1800,
            "timeout_create": 1800,
            "timeout_delete": 60,
            "timeout_start": 300,
            "timeout_update": 1800,
            "unprivileged": true,
            "vm_id": 112,
            "wait_for_ip": []
          },
          "sensitive_attributes": [],
          "private": "bnVsbA=="
        }
      ]
    },
    {
      "mode": "managed",
      "type": "proxmox_virtual_environment_container",
      "name": "forgejo",
      "provider": "provider[\"registry.opentofu.org/bpg/proxmox\"]",
      "instances": [
        {
          "schema_version": 0,
          "attributes": {
            "clone": [
              {
                "datastore_id": "local",
                "full": true,
                "node_name": "",
                "vm_id": 9999
              }
            ],
            "console": [],
            "cpu": [
              {
                "architecture": "amd64",
                "cores": 2,
                "limit": 0,
                "units": 0
              }
            ],
            "description": "Forgejo (NixOS)\n",
            "device_passthrough": [],
            "disk": [
              {
                "acl": false,
                "datastore_id": "local",
                "mount_options": [],
                "path_in_datastore": "local:102/vm-102-disk-0.raw",
                "quota": false,
                "replicate": false,
                "size": 92
              }
            ],
            "environment_variables": {},
            "features": [],
            "hook_script_file_id": null,
            "id": "102",
            "idmap": [],
            "initialization": [
              {
                "dns": [],
                "entrypoint": "",
                "hostname": "forgejo",
                "ip_config": [
                  {
                    "ipv4": [
                      {
                        "address": "10.0.0.102/24",
                        "gateway": "10.0.0.1"
                      }
                    ],
                    "ipv6": [
                      {
                        "address": "fdbe::102/64",
                        "gateway": "fdbe::1"
                      }
                    ]
                  }
                ],
                "user_account": []
              }
            ],
            "ipv4": {
              "eth0": "10.0.0.102"
            },
            "ipv6": {
              "eth0": "fdbe::102"
            },
            "memory": [
              {
                "dedicated": 2048,
                "swap": 512
              }
            ],
            "mount_point": [],
            "network_interface": [
              {
                "bridge": "aether",
                "enabled": true,
                "firewall": true,
                "host_managed": false,
                "mac_address": "BC:24:11:8C:9D:02",
                "mtu": 0,
                "name": "eth0",
                "rate_limit": 0,
                "vlan_id": 0
              }
            ],
            "node_name": "aetherium",
            "operating_system": [],
            "pool_id": null,
            "protection": false,
            "start_on_boot": true,
            "started": true,
            "startup": [
              {
                "down_delay": -1,
                "order": 3,
                "up_delay": -1
              }
            ],
            "tags": [
              "10.0.0.102",
              "forgejo",
              "nixos"
            ],
            "template": false,
            "timeout_clone": 1800,
            "timeout_create": 1800,
            "timeout_delete": 60,
            "timeout_start": 300,
            "timeout_update": 1800,
            "unprivileged": true,
            "vm_id": 102,
            "wait_for_ip": []
          },
          "sensitive_attributes": [],
          "private": "bnVsbA=="
        }
      ]
    },
    {
      "mode": "managed",
      "type": "proxmox_virtual_environment_container",
      "name": "hytale",
      "provider": "provider[\"registry.opentofu.org/bpg/proxmox\"]",
      "instances": [
        {
          "schema_version": 0,
          "attributes": {
            "clone": [
              {
                "datastore_id": "local",
                "full": true,
                "node_name": "",
                "vm_id": 9999
              }
            ],
            "console": [],
            "cpu": [
              {
                "architecture": "amd64",
                "cores": 4,
                "limit": 0,
                "units": 0
              }
            ],
            "description": "Hytale dedicated server (NixOS)\n",
            "device_passthrough": [],
            "disk": [
              {
                "acl": false,
                "datastore_id": "local",
                "mount_options": [],
                "path_in_datastore": "local:105/vm-105-disk-0.raw",
                "quota": false,
                "replicate": false,
                "size": 16
              }
            ],
            "environment_variables": {},
            "features": [],
            "hook_script_file_id": null,
            "id": "105",
            "idmap": [],
            "initialization": [
              {
                "dns": [],
                "entrypoint": "",
                "hostname": "hytale",
                "ip_config": [
                  {
                    "ipv4": [
                      {
                        "address": "10.0.0.105/24",
                        "gateway": "10.0.0.1"
                      }
                    ],
                    "ipv6": [
                      {
                        "address": "fdbe::105/64",
                        "gateway": "fdbe::1"
                      }
                    ]
                  }
                ],
                "user_account": []
              }
            ],
            "ipv4": {
              "eth0": "10.0.0.105"
            },
            "ipv6": {
              "eth0": "fdbe::105"
            },
            "memory": [
              {
                "dedicated": 8192,
                "swap": 512
              }
            ],
            "mount_point": [],
            "network_interface": [
              {
                "bridge": "aether",
                "enabled": true,
                "firewall": true,
                "host_managed": false,
                "mac_address": "BC:24:11:9E:10:51",
                "mtu": 0,
                "name": "eth0",
                "rate_limit": 0,
                "vlan_id": 0
              }
            ],
            "node_name": "aetherium",
            "operating_system": [],
            "pool_id": null,
            "protection": false,
            "start_on_boot": true,
            "started": true,
            "startup": [
              {
                "down_delay": -1,
                "order": 7,
                "up_delay": -1
              }
            ],
            "tags": [
              "10.0.0.105",
              "hytale",
              "nixos"
            ],
            "template": false,
            "timeout_clone": 1800,
            "timeout_create": 1800,
            "timeout_delete": 60,
            "timeout_start": 300,
            "timeout_update": 1800,
            "unprivileged": true,
            "vm_id": 105,
            "wait_for_ip": []
          },
          "sensitive_attributes": [],
          "private": "bnVsbA=="
        }
      ]
    },
    {
      "mode": "managed",
      "type": "proxmox_virtual_environment_container",
      "name": "jellyfin",
      "provider": "provider[\"registry.opentofu.org/bpg/proxmox\"]",
      "instances": [
        {
          "schema_version": 0,
          "attributes": {
            "clone": [
              {
                "datastore_id": "local",
                "full": true,
                "node_name": "",
                "vm_id": 9999
              }
            ],
            "console": [],
            "cpu": [
              {
                "architecture": "amd64",
                "cores": 2,
                "limit": 0,
                "units": 0
              }
            ],
            "description": "Jellyfin media server (NixOS)\n",
            "device_passthrough": [],
            "disk": [
              {
                "acl": false,
                "datastore_id": "local",
                "mount_options": [],
                "path_in_datastore": "local:107/vm-107-disk-0.raw",
                "quota": false,
                "replicate": false,
                "size": 32
              }
            ],
            "environment_variables": {},
            "features": [],
            "hook_script_file_id": null,
            "id": "107",
            "idmap": [],
            "initialization": [
              {
                "dns": [],
                "entrypoint": "",
                "hostname": "jellyfin",
                "ip_config": [
                  {
                    "ipv4": [
                      {
                        "address": "10.0.0.107/24",
                        "gateway": "10.0.0.1"
                      }
                    ],
                    "ipv6": [
                      {
                        "address": "fdbe::107/64",
                        "gateway": "fdbe::1"
                      }
                    ]
                  }
                ],
                "user_account": []
              }
            ],
            "ipv4": {
              "eth0": "10.0.0.107"
            },
            "ipv6": {
              "eth0": "fdbe::107"
            },
            "memory": [
              {
                "dedicated": 4096,
                "swap": 512
              }
            ],
            "mount_point": [],
            "network_interface": [
              {
                "bridge": "aether",
                "enabled": true,
                "firewall": true,
                "host_managed": false,
                "mac_address": "BC:24:11:5C:F1:41",
                "mtu": 0,
                "name": "eth0",
                "rate_limit": 0,
                "vlan_id": 0
              }
            ],
            "node_name": "aetherium",
            "operating_system": [],
            "pool_id": null,
            "protection": false,
            "start_on_boot": true,
            "started": true,
            "startup": [],
            "tags": [
              "10.0.0.107",
              "jellyfin",
              "nixos"
            ],
            "template": false,
            "timeout_clone": 1800,
            "timeout_create": 1800,
            "timeout_delete": 60,
            "timeout_start": 300,
            "timeout_update": 1800,
            "unprivileged": true,
            "vm_id": 107,
            "wait_for_ip": []
          },
          "sensitive_attributes": [],
          "private": "bnVsbA=="
        }
      ]
    },
    {
      "mode": "managed",
      "type": "proxmox_virtual_environment_container",
      "name": "minecraft",
      "provider": "provider[\"registry.opentofu.org/bpg/proxmox\"]",
      "instances": [
        {
          "schema_version": 0,
          "attributes": {
            "clone": [
              {
                "datastore_id": "local",
                "full": true,
                "node_name": "",
                "vm_id": 9999
              }
            ],
            "console": [],
            "cpu": [
              {
                "architecture": "amd64",
                "cores": 2,
                "limit": 0,
                "units": 0
              }
            ],
            "description": "Minecraft Paper server (NixOS)\n",
            "device_passthrough": [],
            "disk": [
              {
                "acl": false,
                "datastore_id": "local",
                "mount_options": [],
                "path_in_datastore": "local:106/vm-106-disk-0.raw",
                "quota": false,
                "replicate": false,
                "size": 16
              }
            ],
            "environment_variables": {},
            "features": [],
            "hook_script_file_id": null,
            "id": "106",
            "idmap": [],
            "initialization": [
              {
                "dns": [],
                "entrypoint": "",
                "hostname": "minecraft",
                "ip_config": [
                  {
                    "ipv4": [
                      {
                        "address": "10.0.0.106/24",
                        "gateway": "10.0.0.1"
                      }
                    ],
                    "ipv6": [
                      {
                        "address": "fdbe::106/64",
                        "gateway": "fdbe::1"
                      }
                    ]
                  }
                ],
                "user_account": []
              }
            ],
            "ipv4": {
              "eth0": "10.0.0.106"
            },
            "ipv6": {
              "eth0": "fdbe::106"
            },
            "memory": [
              {
                "dedicated": 2048,
                "swap": 512
              }
            ],
            "mount_point": [],
            "network_interface": [
              {
                "bridge": "aether",
                "enabled": true,
                "firewall": true,
                "host_managed": false,
                "mac_address": "BC:24:11:44:7A:CA",
                "mtu": 0,
                "name": "eth0",
                "rate_limit": 0,
                "vlan_id": 0
              }
            ],
            "node_name": "aetherium",
            "operating_system": [],
            "pool_id": null,
            "protection": false,
            "start_on_boot": true,
            "started": true,
            "startup": [
              {
                "down_delay": -1,
                "order": 6,
                "up_delay": -1
              }
            ],
            "tags": [
              "10.0.0.106",
              "minecraft",
              "nixos"
            ],
            "template": false,
            "timeout_clone": 1800,
            "timeout_create": 1800,
            "timeout_delete": 60,
            "timeout_start": 300,
            "timeout_update": 1800,
            "unprivileged": true,
            "vm_id": 106,
            "wait_for_ip": []
          },
          "sensitive_attributes": [],
          "private": "bnVsbA=="
        }
      ]
    },
    {
      "mode": "managed",
      "type": "proxmox_virtual_environment_container",
      "name": "prowlarr",
      "provider": "provider[\"registry.opentofu.org/bpg/proxmox\"]",
      "instances": [
        {
          "schema_version": 0,
          "attributes": {
            "clone": [
              {
                "datastore_id": "local",
                "full": true,
                "node_name": "",
                "vm_id": 9999
              }
            ],
            "console": [],
            "cpu": [
              {
                "architecture": "amd64",
                "cores": 1,
                "limit": 0,
                "units": 0
              }
            ],
            "description": "Prowlarr indexer manager (NixOS)\n",
            "device_passthrough": [],
            "disk": [
              {
                "acl": false,
                "datastore_id": "local",
                "mount_options": [],
                "path_in_datastore": "local:108/vm-108-disk-0.raw",
                "quota": false,
                "replicate": false,
                "size": 8
              }
            ],
            "environment_variables": {},
            "features": [],
            "hook_script_file_id": null,
            "id": "108",
            "idmap": [],
            "initialization": [
              {
                "dns": [],
                "entrypoint": "",
                "hostname": "prowlarr",
                "ip_config": [
                  {
                    "ipv4": [
                      {
                        "address": "10.0.0.108/24",
                        "gateway": "10.0.0.1"
                      }
                    ],
                    "ipv6": [
                      {
                        "address": "fdbe::108/64",
                        "gateway": "fdbe::1"
                      }
                    ]
                  }
                ],
                "user_account": []
              }
            ],
            "ipv4": {
              "eth0": "10.0.0.108"
            },
            "ipv6": {
              "eth0": "fdbe::108"
            },
            "memory": [
              {
                "dedicated": 512,
                "swap": 512
              }
            ],
            "mount_point": [],
            "network_interface": [
              {
                "bridge": "aether",
                "enabled": true,
                "firewall": true,
                "host_managed": false,
                "mac_address": "BC:24:11:F9:5E:64",
                "mtu": 0,
                "name": "eth0",
                "rate_limit": 0,
                "vlan_id": 0
              }
            ],
            "node_name": "aetherium",
            "operating_system": [],
            "pool_id": null,
            "protection": false,
            "start_on_boot": true,
            "started": true,
            "startup": [],
            "tags": [
              "10.0.0.108",
              "nixos",
              "prowlarr"
            ],
            "template": false,
            "timeout_clone": 1800,
            "timeout_create": 1800,
            "timeout_delete": 60,
            "timeout_start": 300,
            "timeout_update": 1800,
            "unprivileged": true,
            "vm_id": 108,
            "wait_for_ip": []
          },
          "sensitive_attributes": [],
          "private": "bnVsbA=="
        }
      ]
    },
    {
      "mode": "managed",
      "type": "proxmox_virtual_environment_container",
      "name": "qbittorrent",
      "provider": "provider[\"registry.opentofu.org/bpg/proxmox\"]",
      "instances": [
        {
          "schema_version": 0,
          "attributes": {
            "clone": [
              {
                "datastore_id": "local",
                "full": true,
                "node_name": "",
                "vm_id": 9999
              }
            ],
            "console": [],
            "cpu": [
              {
                "architecture": "amd64",
                "cores": 1,
                "limit": 0,
                "units": 0
              }
            ],
            "description": "qBittorrent torrent client (NixOS)\n",
            "device_passthrough": [],
            "disk": [
              {
                "acl": false,
                "datastore_id": "local",
                "mount_options": [],
                "path_in_datastore": "local:111/vm-111-disk-0.raw",
                "quota": false,
                "replicate": false,
                "size": 8
              }
            ],
            "environment_variables": {},
            "features": [
              {
                "fuse": false,
                "keyctl": false,
                "mknod": false,
                "mount": [],
                "nesting": true
              }
            ],
            "hook_script_file_id": null,
            "id": "111",
            "idmap": [],
            "initialization": [
              {
                "dns": [],
                "entrypoint": "",
                "hostname": "qbittorrent",
                "ip_config": [
                  {
                    "ipv4": [
                      {
                        "address": "10.0.0.111/24",
                        "gateway": "10.0.0.1"
                      }
                    ],
                    "ipv6": [
                      {
                        "address": "fdbe::111/64",
                        "gateway": "fdbe::1"
                      }
                    ]
                  }
                ],
                "user_account": []
              }
            ],
            "ipv4": {
              "eth0": "10.0.0.111",
              "podman0": "10.88.0.1"
            },
            "ipv6": {
              "eth0": "fdbe::111",
              "podman0": "fe80::441a:e9ff:fe92:4e3b",
              "veth0": "fe80::9ced:15ff:fe6a:9b3d"
            },
            "memory": [
              {
                "dedicated": 1024,
                "swap": 512
              }
            ],
            "mount_point": [],
            "network_interface": [
              {
                "bridge": "aether",
                "enabled": true,
                "firewall": true,
                "host_managed": false,
                "mac_address": "BC:24:11:E6:68:D9",
                "mtu": 0,
                "name": "eth0",
                "rate_limit": 0,
                "vlan_id": 0
              }
            ],
            "node_name": "aetherium",
            "operating_system": [],
            "pool_id": null,
            "protection": false,
            "start_on_boot": true,
            "started": true,
            "startup": [],
            "tags": [
              "10.0.0.111",
              "nixos",
              "qbittorrent"
            ],
            "template": false,
            "timeout_clone": 1800,
            "timeout_create": 1800,
            "timeout_delete": 60,
            "timeout_start": 300,
            "timeout_update": 1800,
            "unprivileged": true,
            "vm_id": 111,
            "wait_for_ip": []
          },
          "sensitive_attributes": [],
          "private": "bnVsbA=="
        }
      ]
    },
    {
      "mode": "managed",
      "type": "proxmox_virtual_environment_container",
      "name": "radarr",
      "provider": "provider[\"registry.opentofu.org/bpg/proxmox\"]",
      "instances": [
        {
          "schema_version": 0,
          "attributes": {
            "clone": [
              {
                "datastore_id": "local",
                "full": true,
                "node_name": "",
                "vm_id": 9999
              }
            ],
            "console": [],
            "cpu": [
              {
                "architecture": "amd64",
                "cores": 1,
                "limit": 0,
                "units": 0
              }
            ],
            "description": "Radarr movie manager (NixOS)\n",
            "device_passthrough": [],
            "disk": [
              {
                "acl": false,
                "datastore_id": "local",
                "mount_options": [],
                "path_in_datastore": "local:110/vm-110-disk-0.raw",
                "quota": false,
                "replicate": false,
                "size": 8
              }
            ],
            "environment_variables": {},
            "features": [],
            "hook_script_file_id": null,
            "id": "110",
            "idmap": [],
            "initialization": [
              {
                "dns": [],
                "entrypoint": "",
                "hostname": "radarr",
                "ip_config": [
                  {
                    "ipv4": [
                      {
                        "address": "10.0.0.110/24",
                        "gateway": "10.0.0.1"
                      }
                    ],
                    "ipv6": [
                      {
                        "address": "fdbe::110/64",
                        "gateway": "fdbe::1"
                      }
                    ]
                  }
                ],
                "user_account": []
              }
            ],
            "ipv4": {
              "eth0": "10.0.0.110"
            },
            "ipv6": {
              "eth0": "fdbe::110"
            },
            "memory": [
              {
                "dedicated": 512,
                "swap": 512
              }
            ],
            "mount_point": [],
            "network_interface": [
              {
                "bridge": "aether",
                "enabled": true,
                "firewall": true,
                "host_managed": false,
                "mac_address": "BC:24:11:A9:9D:F6",
                "mtu": 0,
                "name": "eth0",
                "rate_limit": 0,
                "vlan_id": 0
              }
            ],
            "node_name": "aetherium",
            "operating_system": [],
            "pool_id": null,
            "protection": false,
            "start_on_boot": true,
            "started": true,
            "startup": [],
            "tags": [
              "10.0.0.110",
              "nixos",
              "radarr"
            ],
            "template": false,
            "timeout_clone": 1800,
            "timeout_create": 1800,
            "timeout_delete": 60,
            "timeout_start": 300,
            "timeout_update": 1800,
            "unprivileged": true,
            "vm_id": 110,
            "wait_for_ip": []
          },
          "sensitive_attributes": [],
          "private": "bnVsbA=="
        }
      ]
    },
    {
      "mode": "managed",
      "type": "proxmox_virtual_environment_container",
      "name": "renovate",
      "provider": "provider[\"registry.opentofu.org/bpg/proxmox\"]",
      "instances": [
        {
          "schema_version": 0,
          "attributes": {
            "clone": [
              {
                "datastore_id": "local",
                "full": true,
                "node_name": "",
                "vm_id": 9999
              }
            ],
            "console": [],
            "cpu": [
              {
                "architecture": "amd64",
                "cores": 2,
                "limit": 0,
                "units": 0
              }
            ],
            "description": "Renovate dependency bot (NixOS)\n",
            "device_passthrough": [],
            "disk": [
              {
                "acl": false,
                "datastore_id": "local",
                "mount_options": [],
                "path_in_datastore": "local:104/vm-104-disk-0.raw",
                "quota": false,
                "replicate": false,
                "size": 16
              }
            ],
            "environment_variables": {},
            "features": [],
            "hook_script_file_id": null,
            "id": "104",
            "idmap": [],
            "initialization": [
              {
                "dns": [],
                "entrypoint": "",
                "hostname": "renovate",
                "ip_config": [
                  {
                    "ipv4": [
                      {
                        "address": "10.0.0.104/24",
                        "gateway": "10.0.0.1"
                      }
                    ],
                    "ipv6": [
                      {
                        "address": "fdbe::104/64",
                        "gateway": "fdbe::1"
                      }
                    ]
                  }
                ],
                "user_account": []
              }
            ],
            "ipv4": {},
            "ipv6": {},
            "memory": [
              {
                "dedicated": 4096,
                "swap": 512
              }
            ],
            "mount_point": [],
            "network_interface": [
              {
                "bridge": "aether",
                "enabled": true,
                "firewall": true,
                "host_managed": false,
                "mac_address": "BC:24:11:C0:98:71",
                "mtu": 0,
                "name": "eth0",
                "rate_limit": 0,
                "vlan_id": 0
              }
            ],
            "node_name": "aetherium",
            "operating_system": [],
            "pool_id": null,
            "protection": false,
            "start_on_boot": true,
            "started": true,
            "startup": [
              {
                "down_delay": -1,
                "order": 5,
                "up_delay": -1
              }
            ],
            "tags": [
              "10.0.0.104",
              "nixos",
              "renovate"
            ],
            "template": false,
            "timeout_clone": 1800,
            "timeout_create": 1800,
            "timeout_delete": 60,
            "timeout_start": 300,
            "timeout_update": 1800,
            "unprivileged": true,
            "vm_id": 104,
            "wait_for_ip": []
          },
          "sensitive_attributes": [],
          "private": "bnVsbA=="
        }
      ]
    },
    {
      "mode": "managed",
      "type": "proxmox_virtual_environment_container",
      "name": "sonarr",
      "provider": "provider[\"registry.opentofu.org/bpg/proxmox\"]",
      "instances": [
        {
          "schema_version": 0,
          "attributes": {
            "clone": [
              {
                "datastore_id": "local",
                "full": true,
                "node_name": "",
                "vm_id": 9999
              }
            ],
            "console": [],
            "cpu": [
              {
                "architecture": "amd64",
                "cores": 1,
                "limit": 0,
                "units": 0
              }
            ],
            "description": "Sonarr TV series manager (NixOS)\n",
            "device_passthrough": [],
            "disk": [
              {
                "acl": false,
                "datastore_id": "local",
                "mount_options": [],
                "path_in_datastore": "local:109/vm-109-disk-0.raw",
                "quota": false,
                "replicate": false,
                "size": 8
              }
            ],
            "environment_variables": {},
            "features": [],
            "hook_script_file_id": null,
            "id": "109",
            "idmap": [],
            "initialization": [
              {
                "dns": [],
                "entrypoint": "",
                "hostname": "sonarr",
                "ip_config": [
                  {
                    "ipv4": [
                      {
                        "address": "10.0.0.109/24",
                        "gateway": "10.0.0.1"
                      }
                    ],
                    "ipv6": [
                      {
                        "address": "fdbe::109/64",
                        "gateway": "fdbe::1"
                      }
                    ]
                  }
                ],
                "user_account": []
              }
            ],
            "ipv4": {
              "eth0": "10.0.0.109"
            },
            "ipv6": {
              "eth0": "fdbe::109"
            },
            "memory": [
              {
                "dedicated": 512,
                "swap": 512
              }
            ],
            "mount_point": [],
            "network_interface": [
              {
                "bridge": "aether",
                "enabled": true,
                "firewall": true,
                "host_managed": false,
                "mac_address": "BC:24:11:FF:E0:6F",
                "mtu": 0,
                "name": "eth0",
                "rate_limit": 0,
                "vlan_id": 0
              }
            ],
            "node_name": "aetherium",
            "operating_system": [],
            "pool_id": null,
            "protection": false,
            "start_on_boot": true,
            "started": true,
            "startup": [],
            "tags": [
              "10.0.0.109",
              "nixos",
              "sonarr"
            ],
            "template": false,
            "timeout_clone": 1800,
            "timeout_create": 1800,
            "timeout_delete": 60,
            "timeout_start": 300,
            "timeout_update": 1800,
            "unprivileged": true,
            "vm_id": 109,
            "wait_for_ip": []
          },
          "sensitive_attributes": [],
          "private": "bnVsbA=="
        }
      ]
    },
    {
      "mode": "managed",
      "type": "proxmox_virtual_environment_container",
      "name": "website",
      "provider": "provider[\"registry.opentofu.org/bpg/proxmox\"]",
      "instances": [
        {
          "schema_version": 0,
          "attributes": {
            "clone": [
              {
                "datastore_id": "local",
                "full": true,
                "node_name": "",
                "vm_id": 9999
              }
            ],
            "console": [],
            "cpu": [
              {
                "architecture": "amd64",
                "cores": 1,
                "limit": 0,
                "units": 0
              }
            ],
            "description": "Website (NixOS)\n",
            "device_passthrough": [],
            "disk": [
              {
                "acl": false,
                "datastore_id": "local",
                "mount_options": [],
                "path_in_datastore": "local:101/vm-101-disk-0.raw",
                "quota": false,
                "replicate": false,
                "size": 8
              }
            ],
            "environment_variables": {},
            "features": [],
            "hook_script_file_id": null,
            "id": "101",
            "idmap": [],
            "initialization": [
              {
                "dns": [],
                "entrypoint": "",
                "hostname": "website",
                "ip_config": [
                  {
                    "ipv4": [
                      {
                        "address": "10.0.0.101/24",
                        "gateway": "10.0.0.1"
                      }
                    ],
                    "ipv6": [
                      {
                        "address": "fdbe::101/64",
                        "gateway": "fdbe::1"
                      }
                    ]
                  }
                ],
                "user_account": []
              }
            ],
            "ipv4": {
              "eth0": "10.0.0.101",
              "podman0": "10.88.0.1"
            },
            "ipv6": {
              "eth0": "fdbe::101",
              "podman0": "fe80::8458:99ff:feb6:bc0d",
              "veth0": "fe80::4d:acff:fe63:1bcb"
            },
            "memory": [
              {
                "dedicated": 512,
                "swap": 512
              }
            ],
            "mount_point": [],
            "network_interface": [
              {
                "bridge": "aether",
                "enabled": true,
                "firewall": true,
                "host_managed": false,
                "mac_address": "BC:24:11:D7:3A:BE",
                "mtu": 0,
                "name": "eth0",
                "rate_limit": 0,
                "vlan_id": 0
              }
            ],
            "node_name": "aetherium",
            "operating_system": [],
            "pool_id": null,
            "protection": false,
            "start_on_boot": true,
            "started": true,
            "startup": [
              {
                "down_delay": -1,
                "order": 2,
                "up_delay": -1
              }
            ],
            "tags": [
              "10.0.0.101",
              "nixos",
              "website"
            ],
            "template": false,
            "timeout_clone": 1800,
            "timeout_create": 1800,
            "timeout_delete": 60,
            "timeout_start": 300,
            "timeout_update": 1800,
            "unprivileged": true,
            "vm_id": 101,
            "wait_for_ip": []
          },
          "sensitive_attributes": [],
          "private": "bnVsbA=="
        }
      ]
    },
    {
      "mode": "managed",
      "type": "proxmox_virtual_environment_container",
      "name": "woodpecker",
      "provider": "provider[\"registry.opentofu.org/bpg/proxmox\"]",
      "instances": [
        {
          "schema_version": 0,
          "attributes": {
            "clone": [
              {
                "datastore_id": "local",
                "full": true,
                "node_name": "",
                "vm_id": 9999
              }
            ],
            "console": [],
            "cpu": [
              {
                "architecture": "amd64",
                "cores": 2,
                "limit": 0,
                "units": 0
              }
            ],
            "description": "Woodpecker CI (NixOS)\n",
            "device_passthrough": [],
            "disk": [
              {
                "acl": false,
                "datastore_id": "local",
                "mount_options": [],
                "path_in_datastore": "local:103/vm-103-disk-0.raw",
                "quota": false,
                "replicate": false,
                "size": 16
              }
            ],
            "environment_variables": {},
            "features": [],
            "hook_script_file_id": null,
            "id": "103",
            "idmap": [],
            "initialization": [
              {
                "dns": [],
                "entrypoint": "",
                "hostname": "woodpecker",
                "ip_config": [
                  {
                    "ipv4": [
                      {
                        "address": "10.0.0.103/24",
                        "gateway": "10.0.0.1"
                      }
                    ],
                    "ipv6": [
                      {
                        "address": "fdbe::103/64",
                        "gateway": "fdbe::1"
                      }
                    ]
                  }
                ],
                "user_account": []
              }
            ],
            "ipv4": {
              "eth0": "10.0.0.103",
              "podman0": "10.88.0.1",
              "podman1": "10.89.0.1",
              "podman2": "10.89.1.1"
            },
            "ipv6": {
              "eth0": "fdbe::103",
              "podman0": "fe80::15:afff:fe35:62d4",
              "podman1": "fe80::6485:c5ff:fe7c:2bcd",
              "podman2": "fe80::3888:caff:fed4:dc0d",
              "veth0": "fe80::a4b4:29ff:fe47:3fc4",
              "veth1": "fe80::a0d6:b2ff:fe70:6ba5",
              "veth2": "fe80::88a8:9cff:fe67:71f6",
              "veth3": "fe80::5c63:e2ff:feba:725d"
            },
            "memory": [
              {
                "dedicated": 4096,
                "swap": 1024
              }
            ],
            "mount_point": [],
            "network_interface": [
              {
                "bridge": "aether",
                "enabled": true,
                "firewall": true,
                "host_managed": false,
                "mac_address": "BC:24:11:B2:4A:9A",
                "mtu": 0,
                "name": "eth0",
                "rate_limit": 0,
                "vlan_id": 0
              }
            ],
            "node_name": "aetherium",
            "operating_system": [],
            "pool_id": null,
            "protection": false,
            "start_on_boot": true,
            "started": true,
            "startup": [
              {
                "down_delay": -1,
                "order": 4,
                "up_delay": -1
              }
            ],
            "tags": [
              "10.0.0.103",
              "nixos",
              "woodpecker"
            ],
            "template": false,
            "timeout_clone": 1800,
            "timeout_create": 1800,
            "timeout_delete": 60,
            "timeout_start": 300,
            "timeout_update": 1800,
            "unprivileged": true,
            "vm_id": 103,
            "wait_for_ip": []
          },
          "sensitive_attributes": [],
          "private": "bnVsbA=="
        }
      ]
    }
  ],
  "check_results": null
}

