{"version":4,"terraform_version":"1.11.8","serial":180,"lineage":"8f832b91-7020-0674-7fb0-d18e402ef2df","outputs":{},"resources":[{"mode":"managed","type":"null_resource","name":"deploy_flake_caddy","provider":"provider[\"registry.opentofu.org/hashicorp/null\"]","instances":[{"schema_version":0,"attributes":{"id":"4492231776421802030","triggers":{"container_id":"100"}},"sensitive_attributes":[],"dependencies":["proxmox_virtual_environment_container.caddy"]}]},{"mode":"managed","type":"null_resource","name":"deploy_flake_forgejo","provider":"provider[\"registry.opentofu.org/hashicorp/null\"]","instances":[{"schema_version":0,"attributes":{"id":"9017317399682634849","triggers":{"container_id":"102"}},"sensitive_attributes":[],"dependencies":["proxmox_virtual_environment_container.forgejo"]}]},{"mode":"managed","type":"null_resource","name":"deploy_flake_website","provider":"provider[\"registry.opentofu.org/hashicorp/null\"]","instances":[{"schema_version":0,"attributes":{"id":"4030122512875768565","triggers":{"container_id":"101"}},"sensitive_attributes":[],"dependencies":["proxmox_virtual_environment_container.website"]}]},{"mode":"managed","type":"null_resource","name":"deploy_flake_woodpecker","provider":"provider[\"registry.opentofu.org/hashicorp/null\"]","instances":[{"schema_version":0,"attributes":{"id":"5101597524339855319","triggers":{"container_id":"103"}},"sensitive_attributes":[],"dependencies":["proxmox_virtual_environment_container.woodpecker"]}]},{"mode":"managed","type":"proxmox_virtual_environment_container","name":"caddy","provider":"provider[\"registry.opentofu.org/bpg/proxmox\"]","instances":[{"schema_version":0,"attributes":{"clone":[{"datastore_id":"local","full":true,"node_name":"","vm_id":9999}],"console":[],"cpu":[{"architecture":"amd64","cores":1,"limit":0,"units":0}],"description":"Caddy reverse proxy (NixOS)\n","device_passthrough":[],"disk":[{"acl":false,"datastore_id":"local","mount_options":[],"path_in_datastore":"local:100/vm-100-disk-0.raw","quota":false,"replicate":false,"size":8}],"environment_variables":{},"features":[],"hook_script_file_id":null,"id":"100","idmap":[],"initialization":[{"dns":[],"entrypoint":"","hostname":"caddy","ip_config":[{"ipv4":[{"address":"10.0.0.100/24","gateway":"10.0.0.1"}],"ipv6":[{"address":"fdbe::100/64","gateway":"fdbe::1"}]}],"user_account":[]}],"ipv4":{"eth0":"10.0.0.100"},"ipv6":{"eth0":"fdbe::100"},"memory":[{"dedicated":512,"swap":512}],"mount_point":[],"network_interface":[{"bridge":"aether","enabled":true,"firewall":true,"host_managed":false,"mac_address":"BC:24:11:5B:92:84","mtu":0,"name":"eth0","rate_limit":0,"vlan_id":0}],"node_name":"aetherium","operating_system":[],"pool_id":null,"protection":false,"start_on_boot":true,"started":true,"startup":[{"down_delay":-1,"order":1,"up_delay":-1}],"tags":["10.0.0.100","caddy","nixos"],"template":false,"timeout_clone":1800,"timeout_create":1800,"timeout_delete":60,"timeout_start":300,"timeout_update":1800,"unprivileged":true,"vm_id":100,"wait_for_ip":[]},"sensitive_attributes":[],"private":"bnVsbA=="}]},{"mode":"managed","type":"proxmox_virtual_environment_container","name":"forgejo","provider":"provider[\"registry.opentofu.org/bpg/proxmox\"]","instances":[{"schema_version":0,"attributes":{"clone":[{"datastore_id":"local","full":true,"node_name":"","vm_id":9999}],"console":[],"cpu":[{"architecture":"amd64","cores":2,"limit":0,"units":0}],"description":"Forgejo (NixOS)\n","device_passthrough":[],"disk":[{"acl":false,"datastore_id":"local","mount_options":[],"path_in_datastore":"local:102/vm-102-disk-0.raw","quota":false,"replicate":false,"size":64}],"environment_variables":{},"features":[],"hook_script_file_id":null,"id":"102","idmap":[],"initialization":[{"dns":[],"entrypoint":"","hostname":"forgejo","ip_config":[{"ipv4":[{"address":"10.0.0.102/24","gateway":"10.0.0.1"}],"ipv6":[{"address":"fdbe::102/64","gateway":"fdbe::1"}]}],"user_account":[]}],"ipv4":{"eth0":"10.0.0.102"},"ipv6":{"eth0":"fdbe::102"},"memory":[{"dedicated":2048,"swap":1024}],"mount_point":[],"network_interface":[{"bridge":"aether","enabled":true,"firewall":true,"host_managed":false,"mac_address":"BC:24:11:8C:9D:02","mtu":0,"name":"eth0","rate_limit":0,"vlan_id":0}],"node_name":"aetherium","operating_system":[],"pool_id":null,"protection":false,"start_on_boot":true,"started":true,"startup":[{"down_delay":-1,"order":3,"up_delay":-1}],"tags":["10.0.0.102","forgejo","nixos"],"template":false,"timeout_clone":1800,"timeout_create":1800,"timeout_delete":60,"timeout_start":300,"timeout_update":1800,"unprivileged":true,"vm_id":102,"wait_for_ip":[]},"sensitive_attributes":[],"private":"bnVsbA=="}]},{"mode":"managed","type":"proxmox_virtual_environment_container","name":"website","provider":"provider[\"registry.opentofu.org/bpg/proxmox\"]","instances":[{"schema_version":0,"attributes":{"clone":[{"datastore_id":"local","full":true,"node_name":"","vm_id":9999}],"console":[],"cpu":[{"architecture":"amd64","cores":1,"limit":0,"units":0}],"description":"Website (NixOS)\n","device_passthrough":[],"disk":[{"acl":false,"datastore_id":"local","mount_options":[],"path_in_datastore":"local:101/vm-101-disk-0.raw","quota":false,"replicate":false,"size":8}],"environment_variables":{},"features":[],"hook_script_file_id":null,"id":"101","idmap":[],"initialization":[{"dns":[],"entrypoint":"","hostname":"website","ip_config":[{"ipv4":[{"address":"10.0.0.101/24","gateway":"10.0.0.1"}],"ipv6":[{"address":"fdbe::101/64","gateway":"fdbe::1"}]}],"user_account":[]}],"ipv4":{"eth0":"10.0.0.101","podman0":"10.88.0.1"},"ipv6":{"eth0":"fdbe::101","podman0":"fe80::8458:99ff:feb6:bc0d","veth0":"fe80::4d:acff:fe63:1bcb"},"memory":[{"dedicated":512,"swap":512}],"mount_point":[],"network_interface":[{"bridge":"aether","enabled":true,"firewall":true,"host_managed":false,"mac_address":"BC:24:11:D7:3A:BE","mtu":0,"name":"eth0","rate_limit":0,"vlan_id":0}],"node_name":"aetherium","operating_system":[],"pool_id":null,"protection":false,"start_on_boot":true,"started":true,"startup":[{"down_delay":-1,"order":2,"up_delay":-1}],"tags":["10.0.0.101","nixos","website"],"template":false,"timeout_clone":1800,"timeout_create":1800,"timeout_delete":60,"timeout_start":300,"timeout_update":1800,"unprivileged":true,"vm_id":101,"wait_for_ip":[]},"sensitive_attributes":[],"private":"bnVsbA=="}]},{"mode":"managed","type":"proxmox_virtual_environment_container","name":"woodpecker","provider":"provider[\"registry.opentofu.org/bpg/proxmox\"]","instances":[{"schema_version":0,"attributes":{"clone":[{"datastore_id":"local","full":true,"node_name":"","vm_id":9999}],"console":[],"cpu":[{"architecture":"amd64","cores":2,"limit":0,"units":0}],"description":"Woodpecker CI (NixOS)\n","device_passthrough":[],"disk":[{"acl":false,"datastore_id":"local","mount_options":[],"path_in_datastore":"local:103/vm-103-disk-0.raw","quota":false,"replicate":false,"size":16}],"environment_variables":{},"features":[],"hook_script_file_id":null,"id":"103","idmap":[],"initialization":[{"dns":[],"entrypoint":"","hostname":"woodpecker","ip_config":[{"ipv4":[{"address":"10.0.0.103/24","gateway":"10.0.0.1"}],"ipv6":[{"address":"fdbe::103/64","gateway":"fdbe::1"}]}],"user_account":[]}],"ipv4":{"eth0":"10.0.0.103"},"ipv6":{"eth0":"fdbe::103"},"memory":[{"dedicated":2048,"swap":1024}],"mount_point":[],"network_interface":[{"bridge":"aether","enabled":true,"firewall":true,"host_managed":false,"mac_address":"BC:24:11:B2:4A:9A","mtu":0,"name":"eth0","rate_limit":0,"vlan_id":0}],"node_name":"aetherium","operating_system":[],"pool_id":null,"protection":false,"start_on_boot":true,"started":true,"startup":[{"down_delay":-1,"order":4,"up_delay":-1}],"tags":["10.0.0.103","nixos","woodpecker"],"template":false,"timeout_clone":1800,"timeout_create":1800,"timeout_delete":60,"timeout_start":300,"timeout_update":1800,"unprivileged":true,"vm_id":103,"wait_for_ip":[]},"sensitive_attributes":[],"private":"bnVsbA=="}]}],"check_results":null}
