{
  "version": 4,
  "terraform_version": "1.12.3",
  "serial": 141,
  "lineage": "8f832b91-7020-0674-7fb0-d18e402ef2df",
  "outputs": {},
  "resources": [
    {
      "mode": "managed",
      "type": "null_resource",
      "name": "deploy_flake_caddy",
      "provider": "provider[\"registry.opentofu.org/hashicorp/null\"]",
      "instances": [
        {
          "schema_version": 0,
          "attributes": {
            "id": "7396753175803580890",
            "triggers": {
              "container_id": "100"
            }
          },
          "sensitive_attributes": [],
          "dependencies": [
            "proxmox_virtual_environment_container.caddy"
          ]
        }
      ]
    },
    {
      "mode": "managed",
      "type": "null_resource",
      "name": "deploy_flake_website",
      "provider": "provider[\"registry.opentofu.org/hashicorp/null\"]",
      "instances": [
        {
          "schema_version": 0,
          "attributes": {
            "id": "4030122512875768565",
            "triggers": {
              "container_id": "101"
            }
          },
          "sensitive_attributes": [],
          "dependencies": [
            "proxmox_virtual_environment_container.website"
          ]
        }
      ]
    },
    {
      "mode": "managed",
      "type": "proxmox_virtual_environment_container",
      "name": "caddy",
      "provider": "provider[\"registry.opentofu.org/bpg/proxmox\"]",
      "instances": [
        {
          "schema_version": 0,
          "attributes": {
            "clone": [
              {
                "datastore_id": "local",
                "full": true,
                "node_name": "",
                "vm_id": 9999
              }
            ],
            "console": [],
            "cpu": [
              {
                "architecture": "amd64",
                "cores": 1,
                "limit": 0,
                "units": 0
              }
            ],
            "description": "Caddy reverse proxy (NixOS)\n",
            "device_passthrough": [],
            "disk": [],
            "environment_variables": {},
            "features": [],
            "hook_script_file_id": null,
            "id": "100",
            "idmap": [],
            "initialization": [
              {
                "dns": [],
                "entrypoint": "",
                "hostname": "caddy",
                "ip_config": [
                  {
                    "ipv4": [
                      {
                        "address": "10.0.0.100/24",
                        "gateway": "10.0.0.1"
                      }
                    ],
                    "ipv6": [
                      {
                        "address": "fdbe::100/64",
                        "gateway": "fdbe::1"
                      }
                    ]
                  }
                ],
                "user_account": []
              }
            ],
            "ipv4": {
              "eth0": "10.0.0.100"
            },
            "ipv6": {
              "eth0": "fdbe::100"
            },
            "memory": [
              {
                "dedicated": 512,
                "swap": 512
              }
            ],
            "mount_point": [],
            "network_interface": [
              {
                "bridge": "aether",
                "enabled": true,
                "firewall": true,
                "host_managed": false,
                "mac_address": "BC:24:11:AE:2C:A7",
                "mtu": 0,
                "name": "eth0",
                "rate_limit": 0,
                "vlan_id": 0
              }
            ],
            "node_name": "aetherium",
            "operating_system": [],
            "pool_id": null,
            "protection": false,
            "start_on_boot": true,
            "started": true,
            "startup": [
              {
                "down_delay": -1,
                "order": 1,
                "up_delay": -1
              }
            ],
            "tags": [
              "caddy",
              "nixos"
            ],
            "template": false,
            "timeout_clone": 1800,
            "timeout_create": 1800,
            "timeout_delete": 60,
            "timeout_start": 300,
            "timeout_update": 1800,
            "unprivileged": true,
            "vm_id": 100,
            "wait_for_ip": []
          },
          "sensitive_attributes": [],
          "private": "bnVsbA=="
        }
      ]
    },
    {
      "mode": "managed",
      "type": "proxmox_virtual_environment_container",
      "name": "website",
      "provider": "provider[\"registry.opentofu.org/bpg/proxmox\"]",
      "instances": [
        {
          "schema_version": 0,
          "attributes": {
            "clone": [
              {
                "datastore_id": "local",
                "full": true,
                "node_name": "",
                "vm_id": 9999
              }
            ],
            "console": [],
            "cpu": [
              {
                "architecture": "amd64",
                "cores": 1,
                "limit": 0,
                "units": 0
              }
            ],
            "description": "Website (NixOS)\n",
            "device_passthrough": [],
            "disk": [
              {
                "acl": false,
                "datastore_id": "local",
                "mount_options": [],
                "path_in_datastore": "local:101/vm-101-disk-0.raw",
                "quota": false,
                "replicate": false,
                "size": 8
              }
            ],
            "environment_variables": {},
            "features": [],
            "hook_script_file_id": null,
            "id": "101",
            "idmap": [],
            "initialization": [
              {
                "dns": [],
                "entrypoint": "",
                "hostname": "website",
                "ip_config": [
                  {
                    "ipv4": [
                      {
                        "address": "10.0.0.101/24",
                        "gateway": "10.0.0.1"
                      }
                    ],
                    "ipv6": [
                      {
                        "address": "fdbe::101/64",
                        "gateway": "fdbe::1"
                      }
                    ]
                  }
                ],
                "user_account": []
              }
            ],
            "ipv4": {
              "eth0": "10.0.0.101",
              "podman0": "10.88.0.1"
            },
            "ipv6": {
              "eth0": "fdbe::101",
              "podman0": "fe80::64c0:c9ff:fec2:1483",
              "veth0": "fe80::94ed:5bff:fe51:d3de"
            },
            "memory": [
              {
                "dedicated": 512,
                "swap": 512
              }
            ],
            "mount_point": [],
            "network_interface": [
              {
                "bridge": "aether",
                "enabled": true,
                "firewall": true,
                "host_managed": false,
                "mac_address": "BC:24:11:D7:3A:BE",
                "mtu": 0,
                "name": "eth0",
                "rate_limit": 0,
                "vlan_id": 0
              }
            ],
            "node_name": "aetherium",
            "operating_system": [],
            "pool_id": null,
            "protection": false,
            "start_on_boot": true,
            "started": true,
            "startup": [
              {
                "down_delay": -1,
                "order": 2,
                "up_delay": -1
              }
            ],
            "tags": [
              "nixos",
              "website"
            ],
            "template": false,
            "timeout_clone": 1800,
            "timeout_create": 1800,
            "timeout_delete": 60,
            "timeout_start": 300,
            "timeout_update": 1800,
            "unprivileged": true,
            "vm_id": 101,
            "wait_for_ip": []
          },
          "sensitive_attributes": [],
          "private": "bnVsbA=="
        }
      ]
    }
  ],
  "check_results": null
}

